
Microsoft Visual Studio Solution File, Format Version 12.00
# Visual Studio 14
VisualStudioVersion = 14.0.25123.0
MinimumVisualStudioVersion = 10.0.40219.1
Project("{E24C65DC-7377-472B-9ABA-BC803B73C61A}") = "FullSpoon-WrapBootstrap-UPDATE3.0(1)", "..\OneDrive\Documents\Kid Cashew\FullSpoon-WrapBootstrap-UPDATE3.0\", "{D796E03F-FB07-4D83-B0F5-952CBFAC1405}"
	ProjectSection(WebsiteProperties) = preProject
		TargetFrameworkMoniker = ".NETFramework,Version%3Dv4.0"
		Debug.AspNetCompiler.VirtualPath = "/localhost_65384"
		Debug.AspNetCompiler.PhysicalPath = "..\OneDrive\Documents\Kid Cashew\FullSpoon-WrapBootstrap-UPDATE3.0\"
		Debug.AspNetCompiler.TargetPath = "PrecompiledWeb\localhost_65384\"
		Debug.AspNetCompiler.Updateable = "true"
		Debug.AspNetCompiler.ForceOverwrite = "true"
		Debug.AspNetCompiler.FixedNames = "false"
		Debug.AspNetCompiler.Debug = "True"
		Release.AspNetCompiler.VirtualPath = "/localhost_65384"
		Release.AspNetCompiler.PhysicalPath = "..\OneDrive\Documents\Kid Cashew\FullSpoon-WrapBootstrap-UPDATE3.0\"
		Release.AspNetCompiler.TargetPath = "PrecompiledWeb\localhost_65384\"
		Release.AspNetCompiler.Updateable = "true"
		Release.AspNetCompiler.ForceOverwrite = "true"
		Release.AspNetCompiler.FixedNames = "false"
		Release.AspNetCompiler.Debug = "False"
		VWDPort = "65384"
		SlnRelativePath = "..\OneDrive\Documents\Kid Cashew\FullSpoon-WrapBootstrap-UPDATE3.0\"
	EndProjectSection
EndProject
Global
	GlobalSection(SolutionConfigurationPlatforms) = preSolution
		Debug|Any CPU = Debug|Any CPU
	EndGlobalSection
	GlobalSection(ProjectConfigurationPlatforms) = postSolution
		{D796E03F-FB07-4D83-B0F5-952CBFAC1405}.Debug|Any CPU.ActiveCfg = Debug|Any CPU
		{D796E03F-FB07-4D83-B0F5-952CBFAC1405}.Debug|Any CPU.Build.0 = Debug|Any CPU
	EndGlobalSection
	GlobalSection(SolutionProperties) = preSolution
		HideSolutionNode = FALSE
	EndGlobalSection
EndGlobal
